
Microsoft Visual Studio Solution File, Format Version 12.00
# Visual Studio Version 17
VisualStudioVersion = 17.10.35013.160
MinimumVisualStudioVersion = 10.0.40219.1
Project("{9A19103F-16F7-4668-BE54-9A1E7A4F7556}") = "TransacaoFinanceira", "TransacaoFinanceira.csproj", "{A0A3DBE9-94B9-4374-8C5A-1F54518419B1}"
EndProject
Project("{2150E333-8FDC-42A3-9474-1A3956D46DE8}") = "src", "src", "{584C9BAE-5FBE-445C-BF8B-7119CBBEB7C8}"
EndProject
Project("{2150E333-8FDC-42A3-9474-1A3956D46DE8}") = "teste", "teste", "{7664932A-5A0D-4EE6-A93F-2ED34B87972D}"
EndProject
Project("{FAE04EC0-301F-11D3-BF4B-00C04F79EFBC}") = "TrasacaoFinanceiraTeste", "..\TrasacaoFinanceiraTeste\TrasacaoFinanceiraTeste.csproj", "{0A1E9210-E40B-4FA6-BF4D-03317BA222C3}"
EndProject
Global
	GlobalSection(SolutionConfigurationPlatforms) = preSolution
		Debug|Any CPU = Debug|Any CPU
		Release|Any CPU = Release|Any CPU
	EndGlobalSection
	GlobalSection(ProjectConfigurationPlatforms) = postSolution
		{A0A3DBE9-94B9-4374-8C5A-1F54518419B1}.Debug|Any CPU.ActiveCfg = Debug|Any CPU
		{A0A3DBE9-94B9-4374-8C5A-1F54518419B1}.Debug|Any CPU.Build.0 = Debug|Any CPU
		{A0A3DBE9-94B9-4374-8C5A-1F54518419B1}.Release|Any CPU.ActiveCfg = Release|Any CPU
		{A0A3DBE9-94B9-4374-8C5A-1F54518419B1}.Release|Any CPU.Build.0 = Release|Any CPU
		{0A1E9210-E40B-4FA6-BF4D-03317BA222C3}.Debug|Any CPU.ActiveCfg = Debug|Any CPU
		{0A1E9210-E40B-4FA6-BF4D-03317BA222C3}.Debug|Any CPU.Build.0 = Debug|Any CPU
		{0A1E9210-E40B-4FA6-BF4D-03317BA222C3}.Release|Any CPU.ActiveCfg = Release|Any CPU
		{0A1E9210-E40B-4FA6-BF4D-03317BA222C3}.Release|Any CPU.Build.0 = Release|Any CPU
	EndGlobalSection
	GlobalSection(SolutionProperties) = preSolution
		HideSolutionNode = FALSE
	EndGlobalSection
	GlobalSection(NestedProjects) = preSolution
		{A0A3DBE9-94B9-4374-8C5A-1F54518419B1} = {584C9BAE-5FBE-445C-BF8B-7119CBBEB7C8}
		{0A1E9210-E40B-4FA6-BF4D-03317BA222C3} = {7664932A-5A0D-4EE6-A93F-2ED34B87972D}
	EndGlobalSection
	GlobalSection(ExtensibilityGlobals) = postSolution
		SolutionGuid = {107977E4-F09E-4912-8CE2-7C2B0D571918}
	EndGlobalSection
EndGlobal
